// !$*UTF8*$!
{
	archiveVersion = 1;
	classes = {
	};
	objectVersion = 46;
	objects = {

/* Begin PBXBuildFile section */
		94A284141D951D40001EE789 /* AppDelegate.swift in Sources */ = {isa = PBXBuildFile; fileRef = 94A284131D951D40001EE789 /* AppDelegate.swift */; };
		94A284161D951D40001EE789 /* ViewController.swift in Sources */ = {isa = PBXBuildFile; fileRef = 94A284151D951D40001EE789 /* ViewController.swift */; };
		94A284191D951D40001EE789 /* Main.storyboard in Resources */ = {isa = PBXBuildFile; fileRef = 94A284171D951D40001EE789 /* Main.storyboard */; };
		94A2841B1D951D40001EE789 /* Assets.xcassets in Resources */ = {isa = PBXBuildFile; fileRef = 94A2841A1D951D40001EE789 /* Assets.xcassets */; };
		94A2841E1D951D40001EE789 /* LaunchScreen.storyboard in Resources */ = {isa = PBXBuildFile; fileRef = 94A2841C1D951D40001EE789 /* LaunchScreen.storyboard */; };
		94A284291D951D40001EE789 /* DYZBSWTests.swift in Sources */ = {isa = PBXBuildFile; fileRef = 94A284281D951D40001EE789 /* DYZBSWTests.swift */; };
		94A284341D951D40001EE789 /* DYZBSWUITests.swift in Sources */ = {isa = PBXBuildFile; fileRef = 94A284331D951D40001EE789 /* DYZBSWUITests.swift */; };
/* End PBXBuildFile section */

/* Begin PBXContainerItemProxy section */
		94A284251D951D40001EE789 /* PBXContainerItemProxy */ = {
			isa = PBXContainerItemProxy;
			containerPortal = 94A284081D951D40001EE789 /* Project object */;
			proxyType = 1;
			remoteGlobalIDString = 94A2840F1D951D40001EE789;
			remoteInfo = DYZBSW;
		};
		94A284301D951D40001EE789 /* PBXContainerItemProxy */ = {
			isa = PBXContainerItemProxy;
			containerPortal = 94A284081D951D40001EE789 /* Project object */;
			proxyType = 1;
			remoteGlobalIDString = 94A2840F1D951D40001EE789;
			remoteInfo = DYZBSW;
		};
/* End PBXContainerItemProxy section */

/* Begin PBXFileReference section */
		94A284101D951D40001EE789 /* DYZBSW.app */ = {isa = PBXFileReference; explicitFileType = wrapper.application; includeInIndex = 0; path = DYZBSW.app; sourceTree = BUILT_PRODUCTS_DIR; };
		94A284131D951D40001EE789 /* AppDelegate.swift */ = {isa = PBXFileReference; lastKnownFileType = sourcecode.swift; path = AppDelegate.swift; sourceTree = "<group>"; };
		94A284151D951D40001EE789 /* ViewController.swift */ = {isa = PBXFileReference; lastKnownFileType = sourcecode.swift; path = ViewController.swift; sourceTree = "<group>"; };
		94A284181D951D40001EE789 /* Base */ = {isa = PBXFileReference; lastKnownFileType = file.storyboard; name = Base; path = Base.lproj/Main.storyboard; sourceTree = "<group>"; };
		94A2841A1D951D40001EE789 /* Assets.xcassets */ = {isa = PBXFileReference; lastKnownFileType = folder.assetcatalog; path = Assets.xcassets; sourceTree = "<group>"; };
		94A2841D1D951D40001EE789 /* Base */ = {isa = PBXFileReference; lastKnownFileType = file.storyboard; name = Base; path = Base.lproj/LaunchScreen.storyboard; sourceTree = "<group>"; };
		94A2841F1D951D40001EE789 /* Info.plist */ = {isa = PBXFileReference; lastKnownFileType = text.plist.xml; path = Info.plist; sourceTree = "<group>"; };
		94A284241D951D40001EE789 /* DYZBSWTests.xctest */ = {isa = PBXFileReference; explicitFileType = wrapper.cfbundle; includeInIndex = 0; path = DYZBSWTests.xctest; sourceTree = BUILT_PRODUCTS_DIR; };
		94A284281D951D40001EE789 /* DYZBSWTests.swift */ = {isa = PBXFileReference; lastKnownFileType = sourcecode.swift; path = DYZBSWTests.swift; sourceTree = "<group>"; };
		94A2842A1D951D40001EE789 /* Info.plist */ = {isa = PBXFileReference; lastKnownFileType = text.plist.xml; path = Info.plist; sourceTree = "<group>"; };
		94A2842F1D951D40001EE789 /* DYZBSWUITests.xctest */ = {isa = PBXFileReference; explicitFileType = wrapper.cfbundle; includeInIndex = 0; path = DYZBSWUITests.xctest; sourceTree = BUILT_PRODUCTS_DIR; };
		94A284331D951D40001EE789 /* DYZBSWUITests.swift */ = {isa = PBXFileReference; lastKnownFileType = sourcecode.swift; path = DYZBSWUITests.swift; sourceTree = "<group>"; };
		94A284351D951D40001EE789 /* Info.plist */ = {isa = PBXFileReference; lastKnownFileType = text.plist.xml; path = Info.plist; sourceTree = "<group>"; };
/* End PBXFileReference section */

/* Begin PBXFrameworksBuildPhase section */
		94A2840D1D951D40001EE789 /* Frameworks */ = {
			isa = PBXFrameworksBuildPhase;
			buildActionMask = 2147483647;
			files = (
			);
			runOnlyForDeploymentPostprocessing = 0;
		};
		94A284211D951D40001EE789 /* Frameworks */ = {
			isa = PBXFrameworksBuildPhase;
			buildActionMask = 2147483647;
			files = (
			);
			runOnlyForDeploymentPostprocessing = 0;
		};
		94A2842C1D951D40001EE789 /* Frameworks */ = {
			isa = PBXFrameworksBuildPhase;
			buildActionMask = 2147483647;
			files = (
			);
			runOnlyForDeploymentPostprocessing = 0;
		};
/* End PBXFrameworksBuildPhase section */

/* Begin PBXGroup section */
		94A284071D951D40001EE789 = {
			isa = PBXGroup;
			children = (
				94A284121D951D40001EE789 /* DYZBSW */,
				94A284271D951D40001EE789 /* DYZBSWTests */,
				94A284321D951D40001EE789 /* DYZBSWUITests */,
				94A284111D951D40001EE789 /* Products */,
			);
			sourceTree = "<group>";
		};
		94A284111D951D40001EE789 /* Products */ = {
			isa = PBXGroup;
			children = (
				94A284101D951D40001EE789 /* DYZBSW.app */,
				94A284241D951D40001EE789 /* DYZBSWTests.xctest */,
				94A2842F1D951D40001EE789 /* DYZBSWUITests.xctest */,
			);
			name = Products;
			sourceTree = "<group>";
		};
		94A284121D951D40001EE789 /* DYZBSW */ = {
			isa = PBXGroup;
			children = (
				94A284131D951D40001EE789 /* AppDelegate.swift */,
				94A284151D951D40001EE789 /* ViewController.swift */,
				94A284171D951D40001EE789 /* Main.storyboard */,
				94A2841A1D951D40001EE789 /* Assets.xcassets */,
				94A2841C1D951D40001EE789 /* LaunchScreen.storyboard */,
				94A2841F1D951D40001EE789 /* Info.plist */,
			);
			path = DYZBSW;
			sourceTree = "<group>";
		};
		94A284271D951D40001EE789 /* DYZBSWTests */ = {
			isa = PBXGroup;
			children = (
				94A284281D951D40001EE789 /* DYZBSWTests.swift */,
				94A2842A1D951D40001EE789 /* Info.plist */,
			);
			path = DYZBSWTests;
			sourceTree = "<group>";
		};
		94A284321D951D40001EE789 /* DYZBSWUITests */ = {
			isa = PBXGroup;
			children = (
				94A284331D951D40001EE789 /* DYZBSWUITests.swift */,
				94A284351D951D40001EE789 /* Info.plist */,
			);
			path = DYZBSWUITests;
			sourceTree = "<group>";
		};
/* End PBXGroup section */

/* Begin PBXNativeTarget section */
		94A2840F1D951D40001EE789 /* DYZBSW */ = {
			isa = PBXNativeTarget;
			buildConfigurationList = 94A284381D951D40001EE789 /* Build configuration list for PBXNativeTarget "DYZBSW" */;
			buildPhases = (
				94A2840C1D951D40001EE789 /* Sources */,
				94A2840D1D951D40001EE789 /* Frameworks */,
				94A2840E1D951D40001EE789 /* Resources */,
			);
			buildRules = (
			);
			dependencies = (
			);
			name = DYZBSW;
			productName = DYZBSW;
			productReference = 94A284101D951D40001EE789 /* DYZBSW.app */;
			productType = "com.apple.product-type.application";
		};
		94A284231D951D40001EE789 /* DYZBSWTests */ = {
			isa = PBXNativeTarget;
			buildConfigurationList = 94A2843B1D951D40001EE789 /* Build configuration list for PBXNativeTarget "DYZBSWTests" */;
			buildPhases = (
				94A284201D951D40001EE789 /* Sources */,
				94A284211D951D40001EE789 /* Frameworks */,
				94A284221D951D40001EE789 /* Resources */,
			);
			buildRules = (
			);
			dependencies = (
				94A284261D951D40001EE789 /* PBXTargetDependency */,
			);
			name = DYZBSWTests;
			productName = DYZBSWTests;
			productReference = 94A284241D951D40001EE789 /* DYZBSWTests.xctest */;
			productType = "com.apple.product-type.bundle.unit-test";
		};
		94A2842E1D951D40001EE789 /* DYZBSWUITests */ = {
			isa = PBXNativeTarget;
			buildConfigurationList = 94A2843E1D951D40001EE789 /* Build configuration list for PBXNativeTarget "DYZBSWUITests" */;
			buildPhases = (
				94A2842B1D951D40001EE789 /* Sources */,
				94A2842C1D951D40001EE789 /* Frameworks */,
				94A2842D1D951D40001EE789 /* Resources */,
			);
			buildRules = (
			);
			dependencies = (
				94A284311D951D40001EE789 /* PBXTargetDependency */,
			);
			name = DYZBSWUITests;
			productName = DYZBSWUITests;
			productReference = 94A2842F1D951D40001EE789 /* DYZBSWUITests.xctest */;
			productType = "com.apple.product-type.bundle.ui-testing";
		};
/* End PBXNativeTarget section */

/* Begin PBXProject section */
		94A284081D951D40001EE789 /* Project object */ = {
			isa = PBXProject;
			attributes = {
				LastSwiftUpdateCheck = 0730;
				LastUpgradeCheck = 0730;
				ORGANIZATIONNAME = RYAN;
				TargetAttributes = {
					94A2840F1D951D40001EE789 = {
						CreatedOnToolsVersion = 7.3.1;
					};
					94A284231D951D40001EE789 = {
						CreatedOnToolsVersion = 7.3.1;
						TestTargetID = 94A2840F1D951D40001EE789;
					};
					94A2842E1D951D40001EE789 = {
						CreatedOnToolsVersion = 7.3.1;
						TestTargetID = 94A2840F1D951D40001EE789;
					};
				};
			};
			buildConfigurationList = 94A2840B1D951D40001EE789 /* Build configuration list for PBXProject "DYZBSW" */;
			compatibilityVersion = "Xcode 3.2";
			developmentRegion = English;
			hasScannedForEncodings = 0;
			knownRegions = (
				en,
				Base,
			);
			mainGroup = 94A284071D951D40001EE789;
			productRefGroup = 94A284111D951D40001EE789 /* Products */;
			projectDirPath = "";
			projectRoot = "";
			targets = (
				94A2840F1D951D40001EE789 /* DYZBSW */,
				94A284231D951D40001EE789 /* DYZBSWTests */,
				94A2842E1D951D40001EE789 /* DYZBSWUITests */,
			);
		};
/* End PBXProject section */

/* Begin PBXResourcesBuildPhase section */
		94A2840E1D951D40001EE789 /* Resources */ = {
			isa = PBXResourcesBuildPhase;
			buildActionMask = 2147483647;
			files = (
				94A2841E1D951D40001EE789 /* LaunchScreen.storyboard in Resources */,
				94A2841B1D951D40001EE789 /* Assets.xcassets in Resources */,
				94A284191D951D40001EE789 /* Main.storyboard in Resources */,
			);
			runOnlyForDeploymentPostprocessing = 0;
		};
		94A284221D951D40001EE789 /* Resources */ = {
			isa = PBXResourcesBuildPhase;
			buildActionMask = 2147483647;
			files = (
			);
			runOnlyForDeploymentPostprocessing = 0;
		};
		94A2842D1D951D40001EE789 /* Resources */ = {
			isa = PBXResourcesBuildPhase;
			buildActionMask = 2147483647;
			files = (
			);
			runOnlyForDeploymentPostprocessing = 0;
		};
/* End PBXResourcesBuildPhase section */

/* Begin PBXSourcesBuildPhase section */
		94A2840C1D951D40001EE789 /* Sources */ = {
			isa = PBXSourcesBuildPhase;
			buildActionMask = 2147483647;
			files = (
				94A284161D951D40001EE789 /* ViewController.swift in Sources */,
				94A284141D951D40001EE789 /* AppDelegate.swift in Sources */,
			);
			runOnlyForDeploymentPostprocessing = 0;
		};
		94A284201D951D40001EE789 /* Sources */ = {
			isa = PBXSourcesBuildPhase;
			buildActionMask = 2147483647;
			files = (
				94A284291D951D40001EE789 /* DYZBSWTests.swift in Sources */,
			);
			runOnlyForDeploymentPostprocessing = 0;
		};
		94A2842B1D951D40001EE789 /* Sources */ = {
			isa = PBXSourcesBuildPhase;
			buildActionMask = 2147483647;
			files = (
				94A284341D951D40001EE789 /* DYZBSWUITests.swift in Sources */,
			);
			runOnlyForDeploymentPostprocessing = 0;
		};
/* End PBXSourcesBuildPhase section */

/* Begin PBXTargetDependency section */
		94A284261D951D40001EE789 /* PBXTargetDependency */ = {
			isa = PBXTargetDependency;
			target = 94A2840F1D951D40001EE789 /* DYZBSW */;
			targetProxy = 94A284251D951D40001EE789 /* PBXContainerItemProxy */;
		};
		94A284311D951D40001EE789 /* PBXTargetDependency */ = {
			isa = PBXTargetDependency;
			target = 94A2840F1D951D40001EE789 /* DYZBSW */;
			targetProxy = 94A284301D951D40001EE789 /* PBXContainerItemProxy */;
		};
/* End PBXTargetDependency section */

/* Begin PBXVariantGroup section */
		94A284171D951D40001EE789 /* Main.storyboard */ = {
			isa = PBXVariantGroup;
			children = (
				94A284181D951D40001EE789 /* Base */,
			);
			name = Main.storyboard;
			sourceTree = "<group>";
		};
		94A2841C1D951D40001EE789 /* LaunchScreen.storyboard */ = {
			isa = PBXVariantGroup;
			children = (
				94A2841D1D951D40001EE789 /* Base */,
			);
			name = LaunchScreen.storyboard;
			sourceTree = "<group>";
		};
/* End PBXVariantGroup section */

/* Begin XCBuildConfiguration section */
		94A284361D951D40001EE789 /* Debug */ = {
			isa = XCBuildConfiguration;
			buildSettings = {
				ALWAYS_SEARCH_USER_PATHS = NO;
				CLANG_ANALYZER_NONNULL = YES;
				CLANG_CXX_LANGUAGE_STANDARD = "gnu++0x";
				CLANG_CXX_LIBRARY = "libc++";
				CLANG_ENABLE_MODULES = YES;
				CLANG_ENABLE_OBJC_ARC = YES;
				CLANG_WARN_BOOL_CONVERSION = YES;
				CLANG_WARN_CONSTANT_CONVERSION = YES;
				CLANG_WARN_DIRECT_OBJC_ISA_USAGE = YES_ERROR;
				CLANG_WARN_EMPTY_BODY = YES;
				CLANG_WARN_ENUM_CONVERSION = YES;
				CLANG_WARN_INT_CONVERSION = YES;
				CLANG_WARN_OBJC_ROOT_CLASS = YES_ERROR;
				CLANG_WARN_UNREACHABLE_CODE = YES;
				CLANG_WARN__DUPLICATE_METHOD_MATCH = YES;
				"CODE_SIGN_IDENTITY[sdk=iphoneos*]" = "iPhone Developer";
				COPY_PHASE_STRIP = NO;
				DEBUG_INFORMATION_FORMAT = dwarf;
				ENABLE_STRICT_OBJC_MSGSEND = YES;
				ENABLE_TESTABILITY = YES;
				GCC_C_LANGUAGE_STANDARD = gnu99;
				GCC_DYNAMIC_NO_PIC = NO;
				GCC_NO_COMMON_BLOCKS = YES;
				GCC_OPTIMIZATION_LEVEL = 0;
				GCC_PREPROCESSOR_DEFINITIONS = (
					"DEBUG=1",
					"$(inherited)",
				);
				GCC_WARN_64_TO_32_BIT_CONVERSION = YES;
				GCC_WARN_ABOUT_RETURN_TYPE = YES_ERROR;
				GCC_WARN_UNDECLARED_SELECTOR = YES;
				GCC_WARN_UNINITIALIZED_AUTOS = YES_AGGRESSIVE;
				GCC_WARN_UNUSED_FUNCTION = YES;
				GCC_WARN_UNUSED_VARIABLE = YES;
				IPHONEOS_DEPLOYMENT_TARGET = 9.3;
				MTL_ENABLE_DEBUG_INFO = YES;
				ONLY_ACTIVE_ARCH = YES;
				SDKROOT = iphoneos;
				SWIFT_OPTIMIZATION_LEVEL = "-Onone";
			};
			name = Debug;
		};
		94A284371D951D40001EE789 /* Release */ = {
			isa = XCBuildConfiguration;
			buildSettings = {
				ALWAYS_SEARCH_USER_PATHS = NO;
				CLANG_ANALYZER_NONNULL = YES;
				CLANG_CXX_LANGUAGE_STANDARD = "gnu++0x";
				CLANG_CXX_LIBRARY = "libc++";
				CLANG_ENABLE_MODULES = YES;
				CLANG_ENABLE_OBJC_ARC = YES;
				CLANG_WARN_BOOL_CONVERSION = YES;
				CLANG_WARN_CONSTANT_CONVERSION = YES;
				CLANG_WARN_DIRECT_OBJC_ISA_USAGE = YES_ERROR;
				CLANG_WARN_EMPTY_BODY = YES;
				CLANG_WARN_ENUM_CONVERSION = YES;
				CLANG_WARN_INT_CONVERSION = YES;
				CLANG_WARN_OBJC_ROOT_CLASS = YES_ERROR;
				CLANG_WARN_UNREACHABLE_CODE = YES;
				CLANG_WARN__DUPLICATE_METHOD_MATCH = YES;
				"CODE_SIGN_IDENTITY[sdk=iphoneos*]" = "iPhone Developer";
				COPY_PHASE_STRIP = NO;
				DEBUG_INFORMATION_FORMAT = "dwarf-with-dsym";
				ENABLE_NS_ASSERTIONS = NO;
				ENABLE_STRICT_OBJC_MSGSEND = YES;
				GCC_C_LANGUAGE_STANDARD = gnu99;
				GCC_NO_COMMON_BLOCKS = YES;
				GCC_WARN_64_TO_32_BIT_CONVERSION = YES;
				GCC_WARN_ABOUT_RETURN_TYPE = YES_ERROR;
				GCC_WARN_UNDECLARED_SELECTOR = YES;
				GCC_WARN_UNINITIALIZED_AUTOS = YES_AGGRESSIVE;
				GCC_WARN_UNUSED_FUNCTION = YES;
				GCC_WARN_UNUSED_VARIABLE = YES;
				IPHONEOS_DEPLOYMENT_TARGET = 9.3;
				MTL_ENABLE_DEBUG_INFO = NO;
				SDKROOT = iphoneos;
				VALIDATE_PRODUCT = YES;
			};
			name = Release;
		};
		94A284391D951D40001EE789 /* Debug */ = {
			isa = XCBuildConfiguration;
			buildSettings = {
				ASSETCATALOG_COMPILER_APPICON_NAME = AppIcon;
				INFOPLIST_FILE = DYZBSW/Info.plist;
				LD_RUNPATH_SEARCH_PATHS = "$(inherited) @executable_path/Frameworks";
				PRODUCT_BUNDLE_IDENTIFIER = RYAN.DYZBSW;
				PRODUCT_NAME = "$(TARGET_NAME)";
			};
			name = Debug;
		};
		94A2843A1D951D40001EE789 /* Release */ = {
			isa = XCBuildConfiguration;
			buildSettings = {
				ASSETCATALOG_COMPILER_APPICON_NAME = AppIcon;
				INFOPLIST_FILE = DYZBSW/Info.plist;
				LD_RUNPATH_SEARCH_PATHS = "$(inherited) @executable_path/Frameworks";
				PRODUCT_BUNDLE_IDENTIFIER = RYAN.DYZBSW;
				PRODUCT_NAME = "$(TARGET_NAME)";
			};
			name = Release;
		};
		94A2843C1D951D40001EE789 /* Debug */ = {
			isa = XCBuildConfiguration;
			buildSettings = {
				BUNDLE_LOADER = "$(TEST_HOST)";
				INFOPLIST_FILE = DYZBSWTests/Info.plist;
				LD_RUNPATH_SEARCH_PATHS = "$(inherited) @executable_path/Frameworks @loader_path/Frameworks";
				PRODUCT_BUNDLE_IDENTIFIER = RYAN.DYZBSWTests;
				PRODUCT_NAME = "$(TARGET_NAME)";
				TEST_HOST = "$(BUILT_PRODUCTS_DIR)/DYZBSW.app/DYZBSW";
			};
			name = Debug;
		};
		94A2843D1D951D40001EE789 /* Release */ = {
			isa = XCBuildConfiguration;
			buildSettings = {
				BUNDLE_LOADER = "$(TEST_HOST)";
				INFOPLIST_FILE = DYZBSWTests/Info.plist;
				LD_RUNPATH_SEARCH_PATHS = "$(inherited) @executable_path/Frameworks @loader_path/Frameworks";
				PRODUCT_BUNDLE_IDENTIFIER = RYAN.DYZBSWTests;
				PRODUCT_NAME = "$(TARGET_NAME)";
				TEST_HOST = "$(BUILT_PRODUCTS_DIR)/DYZBSW.app/DYZBSW";
			};
			name = Release;
		};
		94A2843F1D951D40001EE789 /* Debug */ = {
			isa = XCBuildConfiguration;
			buildSettings = {
				INFOPLIST_FILE = DYZBSWUITests/Info.plist;
				LD_RUNPATH_SEARCH_PATHS = "$(inherited) @executable_path/Frameworks @loader_path/Frameworks";
				PRODUCT_BUNDLE_IDENTIFIER = RYAN.DYZBSWUITests;
				PRODUCT_NAME = "$(TARGET_NAME)";
				TEST_TARGET_NAME = DYZBSW;
			};
			name = Debug;
		};
		94A284401D951D40001EE789 /* Release */ = {
			isa = XCBuildConfiguration;
			buildSettings = {
				INFOPLIST_FILE = DYZBSWUITests/Info.plist;
				LD_RUNPATH_SEARCH_PATHS = "$(inherited) @executable_path/Frameworks @loader_path/Frameworks";
				PRODUCT_BUNDLE_IDENTIFIER = RYAN.DYZBSWUITests;
				PRODUCT_NAME = "$(TARGET_NAME)";
				TEST_TARGET_NAME = DYZBSW;
			};
			name = Release;
		};
/* End XCBuildConfiguration section */

/* Begin XCConfigurationList section */
		94A2840B1D951D40001EE789 /* Build configuration list for PBXProject "DYZBSW" */ = {
			isa = XCConfigurationList;
			buildConfigurations = (
				94A284361D951D40001EE789 /* Debug */,
				94A284371D951D40001EE789 /* Release */,
			);
			defaultConfigurationIsVisible = 0;
			defaultConfigurationName = Release;
		};
		94A284381D951D40001EE789 /* Build configuration list for PBXNativeTarget "DYZBSW" */ = {
			isa = XCConfigurationList;
			buildConfigurations = (
				94A284391D951D40001EE789 /* Debug */,
				94A2843A1D951D40001EE789 /* Release */,
			);
			defaultConfigurationIsVisible = 0;
		};
		94A2843B1D951D40001EE789 /* Build configuration list for PBXNativeTarget "DYZBSWTests" */ = {
			isa = XCConfigurationList;
			buildConfigurations = (
				94A2843C1D951D40001EE789 /* Debug */,
				94A2843D1D951D40001EE789 /* Release */,
			);
			defaultConfigurationIsVisible = 0;
		};
		94A2843E1D951D40001EE789 /* Build configuration list for PBXNativeTarget "DYZBSWUITests" */ = {
			isa = XCConfigurationList;
			buildConfigurations = (
				94A2843F1D951D40001EE789 /* Debug */,
				94A284401D951D40001EE789 /* Release */,
			);
			defaultConfigurationIsVisible = 0;
		};
/* End XCConfigurationList section */
	};
	rootObject = 94A284081D951D40001EE789 /* Project object */;
}
